// !$*UTF8*$!
{
	archiveVersion = 1;
	classes = {
	};
	objectVersion = 50;
	objects = {

/* Begin PBXBuildFile section */
		28186A6F20E18633003D17A5 /* NetworkExtension.framework in Frameworks */ = {isa = PBXBuildFile; fileRef = 28186A6E20E18633003D17A5 /* NetworkExtension.framework */; };
		28F36F6E20E0C0FB00B8C40F /* AppDelegate.swift in Sources */ = {isa = PBXBuildFile; fileRef = 28F36F6D20E0C0FB00B8C40F /* AppDelegate.swift */; };
		28F36F7020E0C0FB00B8C40F /* ViewController.swift in Sources */ = {isa = PBXBuildFile; fileRef = 28F36F6F20E0C0FB00B8C40F /* ViewController.swift */; };
		28F36F7320E0C0FB00B8C40F /* Main.storyboard in Resources */ = {isa = PBXBuildFile; fileRef = 28F36F7120E0C0FB00B8C40F /* Main.storyboard */; };
		28F36F7520E0C0FD00B8C40F /* Assets.xcassets in Resources */ = {isa = PBXBuildFile; fileRef = 28F36F7420E0C0FD00B8C40F /* Assets.xcassets */; };
		28F36F7820E0C0FD00B8C40F /* LaunchScreen.storyboard in Resources */ = {isa = PBXBuildFile; fileRef = 28F36F7620E0C0FD00B8C40F /* LaunchScreen.storyboard */; };
/* End PBXBuildFile section */

/* Begin PBXFileReference section */
		28186A6C20E18633003D17A5 /* RcServoControl.entitlements */ = {isa = PBXFileReference; lastKnownFileType = text.plist.entitlements; path = RcServoControl.entitlements; sourceTree = "<group>"; };
		28186A6E20E18633003D17A5 /* NetworkExtension.framework */ = {isa = PBXFileReference; lastKnownFileType = wrapper.framework; name = NetworkExtension.framework; path = System/Library/Frameworks/NetworkExtension.framework; sourceTree = SDKROOT; };
		28F36F6A20E0C0FB00B8C40F /* RcServoControl.app */ = {isa = PBXFileReference; explicitFileType = wrapper.application; includeInIndex = 0; path = RcServoControl.app; sourceTree = BUILT_PRODUCTS_DIR; };
		28F36F6D20E0C0FB00B8C40F /* AppDelegate.swift */ = {isa = PBXFileReference; lastKnownFileType = sourcecode.swift; path = AppDelegate.swift; sourceTree = "<group>"; };
		28F36F6F20E0C0FB00B8C40F /* ViewController.swift */ = {isa = PBXFileReference; lastKnownFileType = sourcecode.swift; path = ViewController.swift; sourceTree = "<group>"; };
		28F36F7220E0C0FB00B8C40F /* Base */ = {isa = PBXFileReference; lastKnownFileType = file.storyboard; name = Base; path = Base.lproj/Main.storyboard; sourceTree = "<group>"; };
		28F36F7420E0C0FD00B8C40F /* Assets.xcassets */ = {isa = PBXFileReference; lastKnownFileType = folder.assetcatalog; path = Assets.xcassets; sourceTree = "<group>"; };
		28F36F7720E0C0FD00B8C40F /* Base */ = {isa = PBXFileReference; lastKnownFileType = file.storyboard; name = Base; path = Base.lproj/LaunchScreen.storyboard; sourceTree = "<group>"; };
		28F36F7920E0C0FD00B8C40F /* Info.plist */ = {isa = PBXFileReference; lastKnownFileType = text.plist.xml; path = Info.plist; sourceTree = "<group>"; };
/* End PBXFileReference section */

/* Begin PBXFrameworksBuildPhase section */
		28F36F6720E0C0FB00B8C40F /* Frameworks */ = {
			isa = PBXFrameworksBuildPhase;
			buildActionMask = 2147483647;
			files = (
				28186A6F20E18633003D17A5 /* NetworkExtension.framework in Frameworks */,
			);
			runOnlyForDeploymentPostprocessing = 0;
		};
/* End PBXFrameworksBuildPhase section */

/* Begin PBXGroup section */
		28186A6D20E18633003D17A5 /* Frameworks */ = {
			isa = PBXGroup;
			children = (
				28186A6E20E18633003D17A5 /* NetworkExtension.framework */,
			);
			name = Frameworks;
			sourceTree = "<group>";
		};
		28F36F6120E0C0FB00B8C40F = {
			isa = PBXGroup;
			children = (
				28F36F6C20E0C0FB00B8C40F /* RcServoControl */,
				28F36F6B20E0C0FB00B8C40F /* Products */,
				28186A6D20E18633003D17A5 /* Frameworks */,
			);
			sourceTree = "<group>";
		};
		28F36F6B20E0C0FB00B8C40F /* Products */ = {
			isa = PBXGroup;
			children = (
				28F36F6A20E0C0FB00B8C40F /* RcServoControl.app */,
			);
			name = Products;
			sourceTree = "<group>";
		};
		28F36F6C20E0C0FB00B8C40F /* RcServoControl */ = {
			isa = PBXGroup;
			children = (
				28186A6C20E18633003D17A5 /* RcServoControl.entitlements */,
				28F36F6D20E0C0FB00B8C40F /* AppDelegate.swift */,
				28F36F6F20E0C0FB00B8C40F /* ViewController.swift */,
				28F36F7120E0C0FB00B8C40F /* Main.storyboard */,
				28F36F7420E0C0FD00B8C40F /* Assets.xcassets */,
				28F36F7620E0C0FD00B8C40F /* LaunchScreen.storyboard */,
				28F36F7920E0C0FD00B8C40F /* Info.plist */,
			);
			path = RcServoControl;
			sourceTree = "<group>";
		};
/* End PBXGroup section */

/* Begin PBXNativeTarget section */
		28F36F6920E0C0FB00B8C40F /* RcServoControl */ = {
			isa = PBXNativeTarget;
			buildConfigurationList = 28F36F7C20E0C0FD00B8C40F /* Build configuration list for PBXNativeTarget "RcServoControl" */;
			buildPhases = (
				28F36F6620E0C0FB00B8C40F /* Sources */,
				28F36F6720E0C0FB00B8C40F /* Frameworks */,
				28F36F6820E0C0FB00B8C40F /* Resources */,
			);
			buildRules = (
			);
			dependencies = (
			);
			name = RcServoControl;
			productName = RcServoControl;
			productReference = 28F36F6A20E0C0FB00B8C40F /* RcServoControl.app */;
			productType = "com.apple.product-type.application";
		};
/* End PBXNativeTarget section */

/* Begin PBXProject section */
		28F36F6220E0C0FB00B8C40F /* Project object */ = {
			isa = PBXProject;
			attributes = {
				LastSwiftUpdateCheck = 1000;
				LastUpgradeCheck = 1000;
				ORGANIZATIONNAME = "Varadi, Gyorgy";
				TargetAttributes = {
					28F36F6920E0C0FB00B8C40F = {
						CreatedOnToolsVersion = 10.0;
						SystemCapabilities = {
							com.apple.HotspotConfiguration = {
								enabled = 1;
							};
						};
					};
				};
			};
			buildConfigurationList = 28F36F6520E0C0FB00B8C40F /* Build configuration list for PBXProject "RcServoControl" */;
			compatibilityVersion = "Xcode 9.3";
			developmentRegion = en;
			hasScannedForEncodings = 0;
			knownRegions = (
				en,
				Base,
			);
			mainGroup = 28F36F6120E0C0FB00B8C40F;
			productRefGroup = 28F36F6B20E0C0FB00B8C40F /* Products */;
			projectDirPath = "";
			projectRoot = "";
			targets = (
				28F36F6920E0C0FB00B8C40F /* RcServoControl */,
			);
		};
/* End PBXProject section */

/* Begin PBXResourcesBuildPhase section */
		28F36F6820E0C0FB00B8C40F /* Resources */ = {
			isa = PBXResourcesBuildPhase;
			buildActionMask = 2147483647;
			files = (
				28F36F7820E0C0FD00B8C40F /* LaunchScreen.storyboard in Resources */,
				28F36F7520E0C0FD00B8C40F /* Assets.xcassets in Resources */,
				28F36F7320E0C0FB00B8C40F /* Main.storyboard in Resources */,
			);
			runOnlyForDeploymentPostprocessing = 0;
		};
/* End PBXResourcesBuildPhase section */

/* Begin PBXSourcesBuildPhase section */
		28F36F6620E0C0FB00B8C40F /* Sources */ = {
			isa = PBXSourcesBuildPhase;
			buildActionMask = 2147483647;
			files = (
				28F36F7020E0C0FB00B8C40F /* ViewController.swift in Sources */,
				28F36F6E20E0C0FB00B8C40F /* AppDelegate.swift in Sources */,
			);
			runOnlyForDeploymentPostprocessing = 0;
		};
/* End PBXSourcesBuildPhase section */

/* Begin PBXVariantGroup section */
		28F36F7120E0C0FB00B8C40F /* Main.storyboard */ = {
			isa = PBXVariantGroup;
			children = (
				28F36F7220E0C0FB00B8C40F /* Base */,
			);
			name = Main.storyboard;
			sourceTree = "<group>";
		};
		28F36F7620E0C0FD00B8C40F /* LaunchScreen.storyboard */ = {
			isa = PBXVariantGroup;
			children = (
				28F36F7720E0C0FD00B8C40F /* Base */,
			);
			name = LaunchScreen.storyboard;
			sourceTree = "<group>";
		};
/* End PBXVariantGroup section */

/* Begin XCBuildConfiguration section */
		28F36F7A20E0C0FD00B8C40F /* Debug */ = {
			isa = XCBuildConfiguration;
			buildSettings = {
				ALWAYS_SEARCH_USER_PATHS = NO;
				CLANG_ANALYZER_NONNULL = YES;
				CLANG_ANALYZER_NUMBER_OBJECT_CONVERSION = YES_AGGRESSIVE;
				CLANG_CXX_LANGUAGE_STANDARD = "gnu++14";
				CLANG_CXX_LIBRARY = "libc++";
				CLANG_ENABLE_MODULES = YES;
				CLANG_ENABLE_OBJC_ARC = YES;
				CLANG_ENABLE_OBJC_WEAK = YES;
				CLANG_WARN_BLOCK_CAPTURE_AUTORELEASING = YES;
				CLANG_WARN_BOOL_CONVERSION = YES;
				CLANG_WARN_COMMA = YES;
				CLANG_WARN_CONSTANT_CONVERSION = YES;
				CLANG_WARN_DEPRECATED_OBJC_IMPLEMENTATIONS = YES;
				CLANG_WARN_DIRECT_OBJC_ISA_USAGE = YES_ERROR;
				CLANG_WARN_DOCUMENTATION_COMMENTS = YES;
				CLANG_WARN_EMPTY_BODY = YES;
				CLANG_WARN_ENUM_CONVERSION = YES;
				CLANG_WARN_INFINITE_RECURSION = YES;
				CLANG_WARN_INT_CONVERSION = YES;
				CLANG_WARN_NON_LITERAL_NULL_CONVERSION = YES;
				CLANG_WARN_OBJC_IMPLICIT_RETAIN_SELF = YES;
				CLANG_WARN_OBJC_LITERAL_CONVERSION = YES;
				CLANG_WARN_OBJC_ROOT_CLASS = YES_ERROR;
				CLANG_WARN_RANGE_LOOP_ANALYSIS = YES;
				CLANG_WARN_STRICT_PROTOTYPES = YES;
				CLANG_WARN_SUSPICIOUS_MOVE = YES;
				CLANG_WARN_UNGUARDED_AVAILABILITY = YES_AGGRESSIVE;
				CLANG_WARN_UNREACHABLE_CODE = YES;
				CLANG_WARN__DUPLICATE_METHOD_MATCH = YES;
				CODE_SIGN_IDENTITY = "iPhone Developer";
				COPY_PHASE_STRIP = NO;
				DEBUG_INFORMATION_FORMAT = dwarf;
				ENABLE_STRICT_OBJC_MSGSEND = YES;
				ENABLE_TESTABILITY = YES;
				GCC_C_LANGUAGE_STANDARD = gnu11;
				GCC_DYNAMIC_NO_PIC = NO;
				GCC_NO_COMMON_BLOCKS = YES;
				GCC_OPTIMIZATION_LEVEL = 0;
				GCC_PREPROCESSOR_DEFINITIONS = (
					"DEBUG=1",
					"$(inherited)",
				);
				GCC_WARN_64_TO_32_BIT_CONVERSION = YES;
				GCC_WARN_ABOUT_RETURN_TYPE = YES_ERROR;
				GCC_WARN_UNDECLARED_SELECTOR = YES;
				GCC_WARN_UNINITIALIZED_AUTOS = YES_AGGRESSIVE;
				GCC_WARN_UNUSED_FUNCTION = YES;
				GCC_WARN_UNUSED_VARIABLE = YES;
				IPHONEOS_DEPLOYMENT_TARGET = 12.0;
				MTL_ENABLE_DEBUG_INFO = INCLUDE_SOURCE;
				ONLY_ACTIVE_ARCH = YES;
				SDKROOT = iphoneos;
				SWIFT_ACTIVE_COMPILATION_CONDITIONS = DEBUG;
				SWIFT_OPTIMIZATION_LEVEL = "-Onone";
			};
			name = Debug;
		};
		28F36F7B20E0C0FD00B8C40F /* Release */ = {
			isa = XCBuildConfiguration;
			buildSettings = {
				ALWAYS_SEARCH_USER_PATHS = NO;
				CLANG_ANALYZER_NONNULL = YES;
				CLANG_ANALYZER_NUMBER_OBJECT_CONVERSION = YES_AGGRESSIVE;
				CLANG_CXX_LANGUAGE_STANDARD = "gnu++14";
				CLANG_CXX_LIBRARY = "libc++";
				CLANG_ENABLE_MODULES = YES;
				CLANG_ENABLE_OBJC_ARC = YES;
				CLANG_ENABLE_OBJC_WEAK = YES;
				CLANG_WARN_BLOCK_CAPTURE_AUTORELEASING = YES;
				CLANG_WARN_BOOL_CONVERSION = YES;
				CLANG_WARN_COMMA = YES;
				CLANG_WARN_CONSTANT_CONVERSION = YES;
				CLANG_WARN_DEPRECATED_OBJC_IMPLEMENTATIONS = YES;
				CLANG_WARN_DIRECT_OBJC_ISA_USAGE = YES_ERROR;
				CLANG_WARN_DOCUMENTATION_COMMENTS = YES;
				CLANG_WARN_EMPTY_BODY = YES;
				CLANG_WARN_ENUM_CONVERSION = YES;
				CLANG_WARN_INFINITE_RECURSION = YES;
				CLANG_WARN_INT_CONVERSION = YES;
				CLANG_WARN_NON_LITERAL_NULL_CONVERSION = YES;
				CLANG_WARN_OBJC_IMPLICIT_RETAIN_SELF = YES;
				CLANG_WARN_OBJC_LITERAL_CONVERSION = YES;
				CLANG_WARN_OBJC_ROOT_CLASS = YES_ERROR;
				CLANG_WARN_RANGE_LOOP_ANALYSIS = YES;
				CLANG_WARN_STRICT_PROTOTYPES = YES;
				CLANG_WARN_SUSPICIOUS_MOVE = YES;
				CLANG_WARN_UNGUARDED_AVAILABILITY = YES_AGGRESSIVE;
				CLANG_WARN_UNREACHABLE_CODE = YES;
				CLANG_WARN__DUPLICATE_METHOD_MATCH = YES;
				CODE_SIGN_IDENTITY = "iPhone Developer";
				COPY_PHASE_STRIP = NO;
				DEBUG_INFORMATION_FORMAT = "dwarf-with-dsym";
				ENABLE_NS_ASSERTIONS = NO;
				ENABLE_STRICT_OBJC_MSGSEND = YES;
				GCC_C_LANGUAGE_STANDARD = gnu11;
				GCC_NO_COMMON_BLOCKS = YES;
				GCC_WARN_64_TO_32_BIT_CONVERSION = YES;
				GCC_WARN_ABOUT_RETURN_TYPE = YES_ERROR;
				GCC_WARN_UNDECLARED_SELECTOR = YES;
				GCC_WARN_UNINITIALIZED_AUTOS = YES_AGGRESSIVE;
				GCC_WARN_UNUSED_FUNCTION = YES;
				GCC_WARN_UNUSED_VARIABLE = YES;
				IPHONEOS_DEPLOYMENT_TARGET = 12.0;
				MTL_ENABLE_DEBUG_INFO = NO;
				SDKROOT = iphoneos;
				SWIFT_COMPILATION_MODE = wholemodule;
				SWIFT_OPTIMIZATION_LEVEL = "-O";
				VALIDATE_PRODUCT = YES;
			};
			name = Release;
		};
		28F36F7D20E0C0FD00B8C40F /* Debug */ = {
			isa = XCBuildConfiguration;
			buildSettings = {
				ASSETCATALOG_COMPILER_APPICON_NAME = AppIcon;
				CODE_SIGN_ENTITLEMENTS = RcServoControl/RcServoControl.entitlements;
				CODE_SIGN_STYLE = Automatic;
				DEVELOPMENT_TEAM = 8ECD2257UR;
				INFOPLIST_FILE = RcServoControl/Info.plist;
				LD_RUNPATH_SEARCH_PATHS = (
					"$(inherited)",
					"@executable_path/Frameworks",
				);
				PRODUCT_BUNDLE_IDENTIFIER = com.bodrico.RcServoControlApp;
				PRODUCT_NAME = "$(TARGET_NAME)";
				SWIFT_VERSION = 4.2;
				TARGETED_DEVICE_FAMILY = "1,2";
			};
			name = Debug;
		};
		28F36F7E20E0C0FD00B8C40F /* Release */ = {
			isa = XCBuildConfiguration;
			buildSettings = {
				ASSETCATALOG_COMPILER_APPICON_NAME = AppIcon;
				CODE_SIGN_ENTITLEMENTS = RcServoControl/RcServoControl.entitlements;
				CODE_SIGN_STYLE = Automatic;
				DEVELOPMENT_TEAM = 8ECD2257UR;
				INFOPLIST_FILE = RcServoControl/Info.plist;
				LD_RUNPATH_SEARCH_PATHS = (
					"$(inherited)",
					"@executable_path/Frameworks",
				);
				PRODUCT_BUNDLE_IDENTIFIER = com.bodrico.RcServoControlApp;
				PRODUCT_NAME = "$(TARGET_NAME)";
				SWIFT_VERSION = 4.2;
				TARGETED_DEVICE_FAMILY = "1,2";
			};
			name = Release;
		};
/* End XCBuildConfiguration section */

/* Begin XCConfigurationList section */
		28F36F6520E0C0FB00B8C40F /* Build configuration list for PBXProject "RcServoControl" */ = {
			isa = XCConfigurationList;
			buildConfigurations = (
				28F36F7A20E0C0FD00B8C40F /* Debug */,
				28F36F7B20E0C0FD00B8C40F /* Release */,
			);
			defaultConfigurationIsVisible = 0;
			defaultConfigurationName = Release;
		};
		28F36F7C20E0C0FD00B8C40F /* Build configuration list for PBXNativeTarget "RcServoControl" */ = {
			isa = XCConfigurationList;
			buildConfigurations = (
				28F36F7D20E0C0FD00B8C40F /* Debug */,
				28F36F7E20E0C0FD00B8C40F /* Release */,
			);
			defaultConfigurationIsVisible = 0;
			defaultConfigurationName = Release;
		};
/* End XCConfigurationList section */
	};
	rootObject = 28F36F6220E0C0FB00B8C40F /* Project object */;
}
